
Microsoft Visual Studio Solution File, Format Version 12.00
# Visual Studio Version 17
VisualStudioVersion = 17.3.32929.385
MinimumVisualStudioVersion = 10.0.40219.1
Project("{9A19103F-16F7-4668-BE54-9A1E7A4F7556}") = "Stage0", "Stage0\Stage0.csproj", "{161960B1-16F6-41E2-967A-81E4011BC633}"
EndProject
Project("{2150E333-8FDC-42A3-9474-1A3956D46DE8}") = "Solution Items", "Solution Items", "{BE4C77BA-5849-47CD-9A6A-2F0B6A5EF089}"
	ProjectSection(SolutionItems) = preProject
		README.md = README.md
	EndProjectSection
EndProject
Project("{9A19103F-16F7-4668-BE54-9A1E7A4F7556}") = "DalFacade", "DalFacade\DalFacade.csproj", "{32C83BB0-DB03-49BE-816E-2C4355A6B3B5}"
EndProject
Project("{9A19103F-16F7-4668-BE54-9A1E7A4F7556}") = "DalList", "DalList\DalList.csproj", "{A58AAC68-B66C-4BD6-B0F8-854420318BC5}"
EndProject
Project("{9A19103F-16F7-4668-BE54-9A1E7A4F7556}") = "DalTest", "DalTest\DalTest.csproj", "{A6389AAD-20BE-481C-B879-EE3036980017}"
EndProject
Project("{9A19103F-16F7-4668-BE54-9A1E7A4F7556}") = "BL", "BL\BL.csproj", "{4AE75BF4-6F2A-488E-BF03-931AD86C1605}"
EndProject
Project("{9A19103F-16F7-4668-BE54-9A1E7A4F7556}") = "BlTest", "BlTest\BlTest.csproj", "{2CBE11B1-C379-4C8A-9A38-57C922987FDD}"
EndProject
Project("{9A19103F-16F7-4668-BE54-9A1E7A4F7556}") = "PL", "PL\PL.csproj", "{183FB840-7B71-4C50-884B-37C467A38367}"
EndProject
Project("{2150E333-8FDC-42A3-9474-1A3956D46DE8}") = "xml", "xml", "{503DFE4E-7303-423D-BB53-6FDBF83834BB}"
	ProjectSection(SolutionItems) = preProject
		xml\dal-config.xml = xml\dal-config.xml
	EndProjectSection
EndProject
Project("{2150E333-8FDC-42A3-9474-1A3956D46DE8}") = "pictures", "pictures", "{43860F9F-5151-44F6-9B8B-1055138042C3}"
	ProjectSection(SolutionItems) = preProject
		pictures\bestmobilejpg.jpg = pictures\bestmobilejpg.jpg
		pictures\imagefixed.jpg = pictures\imagefixed.jpg
	EndProjectSection
EndProject
Global
	GlobalSection(SolutionConfigurationPlatforms) = preSolution
		Debug|Any CPU = Debug|Any CPU
		Release|Any CPU = Release|Any CPU
	EndGlobalSection
	GlobalSection(ProjectConfigurationPlatforms) = postSolution
		{161960B1-16F6-41E2-967A-81E4011BC633}.Debug|Any CPU.ActiveCfg = Debug|Any CPU
		{161960B1-16F6-41E2-967A-81E4011BC633}.Debug|Any CPU.Build.0 = Debug|Any CPU
		{161960B1-16F6-41E2-967A-81E4011BC633}.Release|Any CPU.ActiveCfg = Release|Any CPU
		{161960B1-16F6-41E2-967A-81E4011BC633}.Release|Any CPU.Build.0 = Release|Any CPU
		{32C83BB0-DB03-49BE-816E-2C4355A6B3B5}.Debug|Any CPU.ActiveCfg = Debug|Any CPU
		{32C83BB0-DB03-49BE-816E-2C4355A6B3B5}.Debug|Any CPU.Build.0 = Debug|Any CPU
		{32C83BB0-DB03-49BE-816E-2C4355A6B3B5}.Release|Any CPU.ActiveCfg = Release|Any CPU
		{32C83BB0-DB03-49BE-816E-2C4355A6B3B5}.Release|Any CPU.Build.0 = Release|Any CPU
		{A58AAC68-B66C-4BD6-B0F8-854420318BC5}.Debug|Any CPU.ActiveCfg = Debug|Any CPU
		{A58AAC68-B66C-4BD6-B0F8-854420318BC5}.Debug|Any CPU.Build.0 = Debug|Any CPU
		{A58AAC68-B66C-4BD6-B0F8-854420318BC5}.Release|Any CPU.ActiveCfg = Release|Any CPU
		{A58AAC68-B66C-4BD6-B0F8-854420318BC5}.Release|Any CPU.Build.0 = Release|Any CPU
		{A6389AAD-20BE-481C-B879-EE3036980017}.Debug|Any CPU.ActiveCfg = Debug|Any CPU
		{A6389AAD-20BE-481C-B879-EE3036980017}.Debug|Any CPU.Build.0 = Debug|Any CPU
		{A6389AAD-20BE-481C-B879-EE3036980017}.Release|Any CPU.ActiveCfg = Release|Any CPU
		{A6389AAD-20BE-481C-B879-EE3036980017}.Release|Any CPU.Build.0 = Release|Any CPU
		{4AE75BF4-6F2A-488E-BF03-931AD86C1605}.Debug|Any CPU.ActiveCfg = Debug|Any CPU
		{4AE75BF4-6F2A-488E-BF03-931AD86C1605}.Debug|Any CPU.Build.0 = Debug|Any CPU
		{4AE75BF4-6F2A-488E-BF03-931AD86C1605}.Release|Any CPU.ActiveCfg = Release|Any CPU
		{4AE75BF4-6F2A-488E-BF03-931AD86C1605}.Release|Any CPU.Build.0 = Release|Any CPU
		{2CBE11B1-C379-4C8A-9A38-57C922987FDD}.Debug|Any CPU.ActiveCfg = Debug|Any CPU
		{2CBE11B1-C379-4C8A-9A38-57C922987FDD}.Debug|Any CPU.Build.0 = Debug|Any CPU
		{2CBE11B1-C379-4C8A-9A38-57C922987FDD}.Release|Any CPU.ActiveCfg = Release|Any CPU
		{2CBE11B1-C379-4C8A-9A38-57C922987FDD}.Release|Any CPU.Build.0 = Release|Any CPU
		{183FB840-7B71-4C50-884B-37C467A38367}.Debug|Any CPU.ActiveCfg = Debug|Any CPU
		{183FB840-7B71-4C50-884B-37C467A38367}.Debug|Any CPU.Build.0 = Debug|Any CPU
		{183FB840-7B71-4C50-884B-37C467A38367}.Release|Any CPU.ActiveCfg = Release|Any CPU
		{183FB840-7B71-4C50-884B-37C467A38367}.Release|Any CPU.Build.0 = Release|Any CPU
	EndGlobalSection
	GlobalSection(SolutionProperties) = preSolution
		HideSolutionNode = FALSE
	EndGlobalSection
	GlobalSection(NestedProjects) = preSolution
		{503DFE4E-7303-423D-BB53-6FDBF83834BB} = {BE4C77BA-5849-47CD-9A6A-2F0B6A5EF089}
		{43860F9F-5151-44F6-9B8B-1055138042C3} = {BE4C77BA-5849-47CD-9A6A-2F0B6A5EF089}
	EndGlobalSection
	GlobalSection(ExtensibilityGlobals) = postSolution
		SolutionGuid = {7EABEAF7-6717-4479-852A-3750CA89C9D0}
	EndGlobalSection
EndGlobal
